# This file is automatically @generated by Cargo.
# It is not intended for manual editing.
version = 3

[[package]]
name = "bare-metal"
version = "0.2.5"
source = "registry+https://github.com/rust-lang/crates.io-index"
checksum = "5deb64efa5bd81e31fcd1938615a6d98c82eafcbcd787162b6f63b91d6bac5b3"
dependencies = [
 "rustc_version",
]

[[package]]
name = "bitfield"
version = "0.13.2"
source = "registry+https://github.com/rust-lang/crates.io-index"
checksum = "46afbd2983a5d5a7bd740ccb198caf5b82f45c40c09c0eed36052d91cb92e719"

[[package]]
name = "bitflags"
version = "1.3.2"
source = "registry+https://github.com/rust-lang/crates.io-index"
checksum = "bef38d45163c2f1dde094a7dfd33ccf595c92905c8f8f4fdc18d06fb1037718a"

[[package]]
name = "cassette"
version = "0.2.3"
source = "registry+https://github.com/rust-lang/crates.io-index"
checksum = "cbd8c26731af5780bdbf9b6e7823246b3d462bcaa927802262b338e89115c362"

[[package]]
name = "cfg-if"
version = "1.0.0"
source = "registry+https://github.com/rust-lang/crates.io-index"
checksum = "baf1de4339761588bc0619e3cbc0120ee582ebb74b53b4efbf79117bd2da40fd"

[[package]]
name = "cortex-m"
version = "0.7.7"
source = "registry+https://github.com/rust-lang/crates.io-index"
checksum = "8ec610d8f49840a5b376c69663b6369e71f4b34484b9b2eb29fb918d92516cb9"
dependencies = [
 "bare-metal",
 "bitfield",
 "embedded-hal",
 "volatile-register",
]

[[package]]
name = "doc-comment"
version = "0.3.3"
source = "registry+https://github.com/rust-lang/crates.io-index"
checksum = "fea41bba32d969b513997752735605054bc0dfa92b4c56bf1189f2e174be7a10"

[[package]]
name = "embedded-hal"
version = "0.2.7"
source = "registry+https://github.com/rust-lang/crates.io-index"
checksum = "35949884794ad573cf46071e41c9b60efb0cb311e3ca01f7af807af1debc66ff"
dependencies = [
 "nb 0.1.3",
 "void",
]

[[package]]
name = "fast-srgb8"
version = "1.0.0"
source = "registry+https://github.com/rust-lang/crates.io-index"
checksum = "dd2e7510819d6fbf51a5545c8f922716ecfb14df168a3242f7d33e0239efe6a1"

[[package]]
name = "fugit"
version = "0.3.7"
source = "registry+https://github.com/rust-lang/crates.io-index"
checksum = "17186ad64927d5ac8f02c1e77ccefa08ccd9eaa314d5a4772278aa204a22f7e7"
dependencies = [
 "gcd",
]

[[package]]
name = "gcd"
version = "2.3.0"
source = "registry+https://github.com/rust-lang/crates.io-index"
checksum = "1d758ba1b47b00caf47f24925c0074ecb20d6dfcffe7f6d53395c0465674841a"

[[package]]
name = "heck"
version = "0.4.1"
source = "registry+https://github.com/rust-lang/crates.io-index"
checksum = "95505c38b4572b2d910cecb0281560f54b440a19336cbbcb27bf6ce6adc6f5a8"

[[package]]
name = "imxrt-dma"
version = "0.1.1"
source = "registry+https://github.com/rust-lang/crates.io-index"
checksum = "0be4dc99cfca9c88c3478be3cba16ca3e3b2bde180e1dd69f7d04f470d6412a4"
dependencies = [
 "cortex-m",
 "ral-registers",
]

[[package]]
name = "imxrt-hal"
version = "0.5.3"
source = "registry+https://github.com/rust-lang/crates.io-index"
checksum = "b48e06b1cd447190708b1e25c3bdc9bb34ef35d5930d39a03d36a3e788fffd81"
dependencies = [
 "bitflags",
 "cfg-if",
 "embedded-hal",
 "fugit",
 "imxrt-dma",
 "imxrt-iomuxc",
 "imxrt-ral",
 "imxrt-usbd",
 "nb 1.1.0",
 "void",
]

[[package]]
name = "imxrt-iomuxc"
version = "0.2.3"
source = "registry+https://github.com/rust-lang/crates.io-index"
checksum = "bcc265810697eb1ae9003f2c32da7b389b465a8485a934941a9d72be16713f60"

[[package]]
name = "imxrt-ral"
version = "0.5.3"
source = "registry+https://github.com/rust-lang/crates.io-index"
checksum = "5fb8b67f5867258a62fcbfa51ae0985d7fa2d5ffdb5b9c4f559b0af110300369"
dependencies = [
 "cortex-m",
 "ral-registers",
]

[[package]]
name = "imxrt-usbd"
version = "0.2.1"
source = "registry+https://github.com/rust-lang/crates.io-index"
checksum = "31abcd97b602257ebb64a98dc5dc3fd20f200e0e76ea80f70a2a28c44f6a6405"
dependencies = [
 "bitflags",
 "cortex-m",
 "ral-registers",
 "usb-device",
]

[[package]]
name = "libm"
version = "0.2.7"
source = "registry+https://github.com/rust-lang/crates.io-index"
checksum = "f7012b1bbb0719e1097c47611d3898568c546d597c2e74d66f6087edd5233ff4"

[[package]]
name = "log"
version = "0.4.20"
source = "registry+https://github.com/rust-lang/crates.io-index"
checksum = "b5e6163cb8c49088c2c36f57875e58ccd8c87c7427f7fbd50ea6710b2f3f2e8f"

[[package]]
name = "nb"
version = "0.1.3"
source = "registry+https://github.com/rust-lang/crates.io-index"
checksum = "801d31da0513b6ec5214e9bf433a77966320625a37860f910be265be6e18d06f"
dependencies = [
 "nb 1.1.0",
]

[[package]]
name = "nb"
version = "1.1.0"
source = "registry+https://github.com/rust-lang/crates.io-index"
checksum = "8d5439c4ad607c3c23abf66de8c8bf57ba8adcd1f129e699851a6e43935d339d"

[[package]]
name = "palette"
version = "0.7.3"
source = "registry+https://github.com/rust-lang/crates.io-index"
checksum = "b2e2f34147767aa758aa649415b50a69eeb46a67f9dc7db8011eeb3d84b351dc"
dependencies = [
 "fast-srgb8",
 "libm",
 "palette_derive",
]

[[package]]
name = "palette_derive"
version = "0.7.3"
source = "registry+https://github.com/rust-lang/crates.io-index"
checksum = "b7db010ec5ff3d4385e4f133916faacd9dad0f6a09394c92d825b3aed310fa0a"
dependencies = [
 "proc-macro2",
 "quote",
 "syn 2.0.31",
]

[[package]]
name = "paste"
version = "1.0.14"
source = "registry+https://github.com/rust-lang/crates.io-index"
checksum = "de3145af08024dea9fa9914f381a17b8fc6034dfb00f3a84013f7ff43f29ed4c"

[[package]]
name = "proc-macro2"
version = "1.0.66"
source = "registry+https://github.com/rust-lang/crates.io-index"
checksum = "18fb31db3f9bddb2ea821cde30a9f70117e3f119938b5ee630b7403aa6e2ead9"
dependencies = [
 "unicode-ident",
]

[[package]]
name = "quote"
version = "1.0.33"
source = "registry+https://github.com/rust-lang/crates.io-index"
checksum = "5267fca4496028628a95160fc423a33e8b2e6af8a5302579e322e4b520293cae"
dependencies = [
 "proc-macro2",
]

[[package]]
name = "ral-registers"
version = "0.1.3"
source = "registry+https://github.com/rust-lang/crates.io-index"
checksum = "46b71a9d9206e8b46714c74255adcaea8b11e0350c1d8456165073c3f75fc81a"

[[package]]
name = "rust-lib"
version = "0.1.0"
dependencies = [
 "imxrt-iomuxc",
 "imxrt-ral",
 "palette",
 "ws2812-flexio",
]

[[package]]
name = "rustc_version"
version = "0.2.3"
source = "registry+https://github.com/rust-lang/crates.io-index"
checksum = "138e3e0acb6c9fb258b19b67cb8abd63c00679d2851805ea151465464fe9030a"
dependencies = [
 "semver",
]

[[package]]
name = "semver"
version = "0.9.0"
source = "registry+https://github.com/rust-lang/crates.io-index"
checksum = "1d7eb9ef2c18661902cc47e535f9bc51b78acd254da71d375c2f6720d9a40403"
dependencies = [
 "semver-parser",
]

[[package]]
name = "semver-parser"
version = "0.7.0"
source = "registry+https://github.com/rust-lang/crates.io-index"
checksum = "388a1df253eca08550bef6c72392cfe7c30914bf41df5269b68cbd6ff8f570a3"

[[package]]
name = "snafu"
version = "0.7.5"
source = "registry+https://github.com/rust-lang/crates.io-index"
checksum = "e4de37ad025c587a29e8f3f5605c00f70b98715ef90b9061a815b9e59e9042d6"
dependencies = [
 "doc-comment",
 "snafu-derive",
]

[[package]]
name = "snafu-derive"
version = "0.7.5"
source = "registry+https://github.com/rust-lang/crates.io-index"
checksum = "990079665f075b699031e9c08fd3ab99be5029b96f3b78dc0709e8f77e4efebf"
dependencies = [
 "heck",
 "proc-macro2",
 "quote",
 "syn 1.0.109",
]

[[package]]
name = "syn"
version = "1.0.109"
source = "registry+https://github.com/rust-lang/crates.io-index"
checksum = "72b64191b275b66ffe2469e8af2c1cfe3bafa67b529ead792a6d0160888b4237"
dependencies = [
 "proc-macro2",
 "quote",
 "unicode-ident",
]

[[package]]
name = "syn"
version = "2.0.31"
source = "registry+https://github.com/rust-lang/crates.io-index"
checksum = "718fa2415bcb8d8bd775917a1bf12a7931b6dfa890753378538118181e0cb398"
dependencies = [
 "proc-macro2",
 "quote",
 "unicode-ident",
]

[[package]]
name = "unicode-ident"
version = "1.0.11"
source = "registry+https://github.com/rust-lang/crates.io-index"
checksum = "301abaae475aa91687eb82514b328ab47a211a533026cb25fc3e519b86adfc3c"

[[package]]
name = "usb-device"
version = "0.2.9"
source = "registry+https://github.com/rust-lang/crates.io-index"
checksum = "1f6cc3adc849b5292b4075fc0d5fdcf2f24866e88e336dd27a8943090a520508"

[[package]]
name = "vcell"
version = "0.1.3"
source = "registry+https://github.com/rust-lang/crates.io-index"
checksum = "77439c1b53d2303b20d9459b1ade71a83c716e3f9c34f3228c00e6f185d6c002"

[[package]]
name = "void"
version = "1.0.2"
source = "registry+https://github.com/rust-lang/crates.io-index"
checksum = "6a02e4885ed3bc0f2de90ea6dd45ebcbb66dacffe03547fadbb0eeae2770887d"

[[package]]
name = "volatile-register"
version = "0.2.1"
source = "registry+https://github.com/rust-lang/crates.io-index"
checksum = "9ee8f19f9d74293faf70901bc20ad067dc1ad390d2cbf1e3f75f721ffee908b6"
dependencies = [
 "vcell",
]

[[package]]
name = "ws2812-flexio"
version = "0.1.0"
dependencies = [
 "cassette",
 "imxrt-hal",
 "imxrt-ral",
 "log",
 "palette",
 "paste",
 "snafu",
]
